{
  "nodes": {
    "llmsend": {
      "inputs": {
        "nixpkgs": [
          "nixpkgs"
        ]
      },
      "locked": {
        "lastModified": 1789752336,
        "narHash": "sha256-b7krbXKYIlj0u/PEOF7/38a/vy7SAWI68WUS/15jTNI=",
        "owner": "pmarreck",
        "repo": "llmsend",
        "rev": "0c2b371af8eac981d6e1e67de47d3744d25b824c",
        "type": "github"
      },
      "original": {
        "owner": "pmarreck",
        "ref": "yolo",
        "repo": "llmsend",
        "type": "github"
      }
    },
    "nixpkgs": {
      "locked": {
        "lastModified": 1787736819,
        "narHash": "sha256-cV5xEJJK3BvhU8rEd4mC9UsmDi5qscv/kzGPhBRC5WA=",
        "owner": "NixOS",
        "repo": "nixpkgs",
        "rev": "9fbb54b33e91ee4ca368e35a78e0613c720600b3",
        "type": "github"
      },
      "original": {
        "owner": "NixOS",
        "ref": "nixos-unstable",
        "repo": "nixpkgs",
        "type": "github"
      }
    },
    "root": {
      "inputs": {
        "llmsend": "llmsend",
        "nixpkgs": "nixpkgs"
      }
    }
  },
  "root": "root",
  "version": 7
}
